// !$*UTF8*$!
{
	archiveVersion = 1;
	classes = {
	};
	objectVersion = 77;
	objects = {

/* Begin PBXContainerItemProxy section */
		4642D2472DFD674400E70D15 /* PBXContainerItemProxy */ = {
			isa = PBXContainerItemProxy;
			containerPortal = 4642D2312DFD674200E70D15 /* Project object */;
			proxyType = 1;
			remoteGlobalIDString = 4642D2382DFD674200E70D15;
			remoteInfo = "Hot Sauce";
		};
		4642D2512DFD674400E70D15 /* PBXContainerItemProxy */ = {
			isa = PBXContainerItemProxy;
			containerPortal = 4642D2312DFD674200E70D15 /* Project object */;
			proxyType = 1;
			remoteGlobalIDString = 4642D2382DFD674200E70D15;
			remoteInfo = "Hot Sauce";
		};
/* End PBXContainerItemProxy section */

/* Begin PBXFileReference section */
		4642D2392DFD674200E70D15 /* Hot Sauce.app */ = {isa = PBXFileReference; explicitFileType = wrapper.application; includeInIndex = 0; path = "Hot Sauce.app"; sourceTree = BUILT_PRODUCTS_DIR; };
		4642D2462DFD674400E70D15 /* Hot SauceTests.xctest */ = {isa = PBXFileReference; explicitFileType = wrapper.cfbundle; includeInIndex = 0; path = "Hot SauceTests.xctest"; sourceTree = BUILT_PRODUCTS_DIR; };
		4642D2502DFD674400E70D15 /* Hot SauceUITests.xctest */ = {isa = PBXFileReference; explicitFileType = wrapper.cfbundle; includeInIndex = 0; path = "Hot SauceUITests.xctest"; sourceTree = BUILT_PRODUCTS_DIR; };
/* End PBXFileReference section */

/* Begin PBXFileSystemSynchronizedRootGroup section */
		4642D23B2DFD674200E70D15 /* Hot Sauce */ = {
			isa = PBXFileSystemSynchronizedRootGroup;
			path = "Hot Sauce";
			sourceTree = "<group>";
		};
		4642D2492DFD674400E70D15 /* Hot SauceTests */ = {
			isa = PBXFileSystemSynchronizedRootGroup;
			path = "Hot SauceTests";
			sourceTree = "<group>";
		};
		4642D2532DFD674400E70D15 /* Hot SauceUITests */ = {
			isa = PBXFileSystemSynchronizedRootGroup;
			path = "Hot SauceUITests";
			sourceTree = "<group>";
		};
/* End PBXFileSystemSynchronizedRootGroup section */

/* Begin PBXFrameworksBuildPhase section */
		4642D2362DFD674200E70D15 /* Frameworks */ = {
			isa = PBXFrameworksBuildPhase;
			buildActionMask = 2147483647;
			files = (
			);
			runOnlyForDeploymentPostprocessing = 0;
		};
		4642D2432DFD674400E70D15 /* Frameworks */ = {
			isa = PBXFrameworksBuildPhase;
			buildActionMask = 2147483647;
			files = (
			);
			runOnlyForDeploymentPostprocessing = 0;
		};
		4642D24D2DFD674400E70D15 /* Frameworks */ = {
			isa = PBXFrameworksBuildPhase;
			buildActionMask = 2147483647;
			files = (
			);
			runOnlyForDeploymentPostprocessing = 0;
		};
/* End PBXFrameworksBuildPhase section */

/* Begin PBXGroup section */
		4642D2302DFD674200E70D15 = {
			isa = PBXGroup;
			children = (
				4642D23B2DFD674200E70D15 /* Hot Sauce */,
				4642D2492DFD674400E70D15 /* Hot SauceTests */,
				4642D2532DFD674400E70D15 /* Hot SauceUITests */,
				4642D23A2DFD674200E70D15 /* Products */,
			);
			sourceTree = "<group>";
		};
		4642D23A2DFD674200E70D15 /* Products */ = {
			isa = PBXGroup;
			children = (
				4642D2392DFD674200E70D15 /* Hot Sauce.app */,
				4642D2462DFD674400E70D15 /* Hot SauceTests.xctest */,
				4642D2502DFD674400E70D15 /* Hot SauceUITests.xctest */,
			);
			name = Products;
			sourceTree = "<group>";
		};
/* End PBXGroup section */

/* Begin PBXNativeTarget section */
		4642D2382DFD674200E70D15 /* Hot Sauce */ = {
			isa = PBXNativeTarget;
			buildConfigurationList = 4642D25A2DFD674400E70D15 /* Build configuration list for PBXNativeTarget "Hot Sauce" */;
			buildPhases = (
				4642D2352DFD674200E70D15 /* Sources */,
				4642D2362DFD674200E70D15 /* Frameworks */,
				4642D2372DFD674200E70D15 /* Resources */,
			);
			buildRules = (
			);
			dependencies = (
			);
			fileSystemSynchronizedGroups = (
				4642D23B2DFD674200E70D15 /* Hot Sauce */,
			);
			name = "Hot Sauce";
			packageProductDependencies = (
			);
			productName = "Hot Sauce";
			productReference = 4642D2392DFD674200E70D15 /* Hot Sauce.app */;
			productType = "com.apple.product-type.application";
		};
		4642D2452DFD674400E70D15 /* Hot SauceTests */ = {
			isa = PBXNativeTarget;
			buildConfigurationList = 4642D25D2DFD674400E70D15 /* Build configuration list for PBXNativeTarget "Hot SauceTests" */;
			buildPhases = (
				4642D2422DFD674400E70D15 /* Sources */,
				4642D2432DFD674400E70D15 /* Frameworks */,
				4642D2442DFD674400E70D15 /* Resources */,
			);
			buildRules = (
			);
			dependencies = (
				4642D2482DFD674400E70D15 /* PBXTargetDependency */,
			);
			fileSystemSynchronizedGroups = (
				4642D2492DFD674400E70D15 /* Hot SauceTests */,
			);
			name = "Hot SauceTests";
			packageProductDependencies = (
			);
			productName = "Hot SauceTests";
			productReference = 4642D2462DFD674400E70D15 /* Hot SauceTests.xctest */;
			productType = "com.apple.product-type.bundle.unit-test";
		};
		4642D24F2DFD674400E70D15 /* Hot SauceUITests */ = {
			isa = PBXNativeTarget;
			buildConfigurationList = 4642D2602DFD674400E70D15 /* Build configuration list for PBXNativeTarget "Hot SauceUITests" */;
			buildPhases = (
				4642D24C2DFD674400E70D15 /* Sources */,
				4642D24D2DFD674400E70D15 /* Frameworks */,
				4642D24E2DFD674400E70D15 /* Resources */,
			);
			buildRules = (
			);
			dependencies = (
				4642D2522DFD674400E70D15 /* PBXTargetDependency */,
			);
			fileSystemSynchronizedGroups = (
				4642D2532DFD674400E70D15 /* Hot SauceUITests */,
			);
			name = "Hot SauceUITests";
			packageProductDependencies = (
			);
			productName = "Hot SauceUITests";
			productReference = 4642D2502DFD674400E70D15 /* Hot SauceUITests.xctest */;
			productType = "com.apple.product-type.bundle.ui-testing";
		};
/* End PBXNativeTarget section */

/* Begin PBXProject section */
		4642D2312DFD674200E70D15 /* Project object */ = {
			isa = PBXProject;
			attributes = {
				BuildIndependentTargetsInParallel = 1;
				LastSwiftUpdateCheck = 1640;
				LastUpgradeCheck = 1640;
				TargetAttributes = {
					4642D2382DFD674200E70D15 = {
						CreatedOnToolsVersion = 16.4;
					};
					4642D2452DFD674400E70D15 = {
						CreatedOnToolsVersion = 16.4;
						TestTargetID = 4642D2382DFD674200E70D15;
					};
					4642D24F2DFD674400E70D15 = {
						CreatedOnToolsVersion = 16.4;
						TestTargetID = 4642D2382DFD674200E70D15;
					};
				};
			};
			buildConfigurationList = 4642D2342DFD674200E70D15 /* Build configuration list for PBXProject "Hot Sauce" */;
			developmentRegion = en;
			hasScannedForEncodings = 0;
			knownRegions = (
				en,
				Base,
			);
			mainGroup = 4642D2302DFD674200E70D15;
			minimizedProjectReferenceProxies = 1;
			preferredProjectObjectVersion = 77;
			productRefGroup = 4642D23A2DFD674200E70D15 /* Products */;
			projectDirPath = "";
			projectRoot = "";
			targets = (
				4642D2382DFD674200E70D15 /* Hot Sauce */,
				4642D2452DFD674400E70D15 /* Hot SauceTests */,
				4642D24F2DFD674400E70D15 /* Hot SauceUITests */,
			);
		};
/* End PBXProject section */

/* Begin PBXResourcesBuildPhase section */
		4642D2372DFD674200E70D15 /* Resources */ = {
			isa = PBXResourcesBuildPhase;
			buildActionMask = 2147483647;
			files = (
			);
			runOnlyForDeploymentPostprocessing = 0;
		};
		4642D2442DFD674400E70D15 /* Resources */ = {
			isa = PBXResourcesBuildPhase;
			buildActionMask = 2147483647;
			files = (
			);
			runOnlyForDeploymentPostprocessing = 0;
		};
		4642D24E2DFD674400E70D15 /* Resources */ = {
			isa = PBXResourcesBuildPhase;
			buildActionMask = 2147483647;
			files = (
			);
			runOnlyForDeploymentPostprocessing = 0;
		};
/* End PBXResourcesBuildPhase section */

/* Begin PBXSourcesBuildPhase section */
		4642D2352DFD674200E70D15 /* Sources */ = {
			isa = PBXSourcesBuildPhase;
			buildActionMask = 2147483647;
			files = (
			);
			runOnlyForDeploymentPostprocessing = 0;
		};
		4642D2422DFD674400E70D15 /* Sources */ = {
			isa = PBXSourcesBuildPhase;
			buildActionMask = 2147483647;
			files = (
			);
			runOnlyForDeploymentPostprocessing = 0;
		};
		4642D24C2DFD674400E70D15 /* Sources */ = {
			isa = PBXSourcesBuildPhase;
			buildActionMask = 2147483647;
			files = (
			);
			runOnlyForDeploymentPostprocessing = 0;
		};
/* End PBXSourcesBuildPhase section */

/* Begin PBXTargetDependency section */
		4642D2482DFD674400E70D15 /* PBXTargetDependency */ = {
			isa = PBXTargetDependency;
			target = 4642D2382DFD674200E70D15 /* Hot Sauce */;
			targetProxy = 4642D2472DFD674400E70D15 /* PBXContainerItemProxy */;
		};
		4642D2522DFD674400E70D15 /* PBXTargetDependency */ = {
			isa = PBXTargetDependency;
			target = 4642D2382DFD674200E70D15 /* Hot Sauce */;
			targetProxy = 4642D2512DFD674400E70D15 /* PBXContainerItemProxy */;
		};
/* End PBXTargetDependency section */

/* Begin XCBuildConfiguration section */
		4642D2582DFD674400E70D15 /* Debug */ = {
			isa = XCBuildConfiguration;
			buildSettings = {
				ALWAYS_SEARCH_USER_PATHS = NO;
				ASSETCATALOG_COMPILER_GENERATE_SWIFT_ASSET_SYMBOL_EXTENSIONS = YES;
				CLANG_ANALYZER_NONNULL = YES;
				CLANG_ANALYZER_NUMBER_OBJECT_CONVERSION = YES_AGGRESSIVE;
				CLANG_CXX_LANGUAGE_STANDARD = "gnu++20";
				CLANG_ENABLE_MODULES = YES;
				CLANG_ENABLE_OBJC_ARC = YES;
				CLANG_ENABLE_OBJC_WEAK = YES;
				CLANG_WARN_BLOCK_CAPTURE_AUTORELEASING = YES;
				CLANG_WARN_BOOL_CONVERSION = YES;
				CLANG_WARN_COMMA = YES;
				CLANG_WARN_CONSTANT_CONVERSION = YES;
				CLANG_WARN_DEPRECATED_OBJC_IMPLEMENTATIONS = YES;
				CLANG_WARN_DIRECT_OBJC_ISA_USAGE = YES_ERROR;
				CLANG_WARN_DOCUMENTATION_COMMENTS = YES;
				CLANG_WARN_EMPTY_BODY = YES;
				CLANG_WARN_ENUM_CONVERSION = YES;
				CLANG_WARN_INFINITE_RECURSION = YES;
				CLANG_WARN_INT_CONVERSION = YES;
				CLANG_WARN_NON_LITERAL_NULL_CONVERSION = YES;
				CLANG_WARN_OBJC_IMPLICIT_RETAIN_SELF = YES;
				CLANG_WARN_OBJC_LITERAL_CONVERSION = YES;
				CLANG_WARN_OBJC_ROOT_CLASS = YES_ERROR;
				CLANG_WARN_QUOTED_INCLUDE_IN_FRAMEWORK_HEADER = YES;
				CLANG_WARN_RANGE_LOOP_ANALYSIS = YES;
				CLANG_WARN_STRICT_PROTOTYPES = YES;
				CLANG_WARN_SUSPICIOUS_MOVE = YES;
				CLANG_WARN_UNGUARDED_AVAILABILITY = YES_AGGRESSIVE;
				CLANG_WARN_UNREACHABLE_CODE = YES;
				CLANG_WARN__DUPLICATE_METHOD_MATCH = YES;
				COPY_PHASE_STRIP = NO;
				DEBUG_INFORMATION_FORMAT = dwarf;
				DEVELOPMENT_TEAM = 8VX6YR6HFK;
				ENABLE_STRICT_OBJC_MSGSEND = YES;
				ENABLE_TESTABILITY = YES;
				ENABLE_USER_SCRIPT_SANDBOXING = YES;
				GCC_C_LANGUAGE_STANDARD = gnu17;
				GCC_DYNAMIC_NO_PIC = NO;
				GCC_NO_COMMON_BLOCKS = YES;
				GCC_OPTIMIZATION_LEVEL = 0;
				GCC_PREPROCESSOR_DEFINITIONS = (
					"DEBUG=1",
					"$(inherited)",
				);
				GCC_WARN_64_TO_32_BIT_CONVERSION = YES;
				GCC_WARN_ABOUT_RETURN_TYPE = YES_ERROR;
				GCC_WARN_UNDECLARED_SELECTOR = YES;
				GCC_WARN_UNINITIALIZED_AUTOS = YES_AGGRESSIVE;
				GCC_WARN_UNUSED_FUNCTION = YES;
				GCC_WARN_UNUSED_VARIABLE = YES;
				IPHONEOS_DEPLOYMENT_TARGET = 18.5;
				LOCALIZATION_PREFERS_STRING_CATALOGS = YES;
				MTL_ENABLE_DEBUG_INFO = INCLUDE_SOURCE;
				MTL_FAST_MATH = YES;
				ONLY_ACTIVE_ARCH = YES;
				SDKROOT = iphoneos;
				SWIFT_ACTIVE_COMPILATION_CONDITIONS = "DEBUG $(inherited)";
				SWIFT_OPTIMIZATION_LEVEL = "-Onone";
			};
			name = Debug;
		};
		4642D2592DFD674400E70D15 /* Release */ = {
			isa = XCBuildConfiguration;
			buildSettings = {
				ALWAYS_SEARCH_USER_PATHS = NO;
				ASSETCATALOG_COMPILER_GENERATE_SWIFT_ASSET_SYMBOL_EXTENSIONS = YES;
				CLANG_ANALYZER_NONNULL = YES;
				CLANG_ANALYZER_NUMBER_OBJECT_CONVERSION = YES_AGGRESSIVE;
				CLANG_CXX_LANGUAGE_STANDARD = "gnu++20";
				CLANG_ENABLE_MODULES = YES;
				CLANG_ENABLE_OBJC_ARC = YES;
				CLANG_ENABLE_OBJC_WEAK = YES;
				CLANG_WARN_BLOCK_CAPTURE_AUTORELEASING = YES;
				CLANG_WARN_BOOL_CONVERSION = YES;
				CLANG_WARN_COMMA = YES;
				CLANG_WARN_CONSTANT_CONVERSION = YES;
				CLANG_WARN_DEPRECATED_OBJC_IMPLEMENTATIONS = YES;
				CLANG_WARN_DIRECT_OBJC_ISA_USAGE = YES_ERROR;
				CLANG_WARN_DOCUMENTATION_COMMENTS = YES;
				CLANG_WARN_EMPTY_BODY = YES;
				CLANG_WARN_ENUM_CONVERSION = YES;
				CLANG_WARN_INFINITE_RECURSION = YES;
				CLANG_WARN_INT_CONVERSION = YES;
				CLANG_WARN_NON_LITERAL_NULL_CONVERSION = YES;
				CLANG_WARN_OBJC_IMPLICIT_RETAIN_SELF = YES;
				CLANG_WARN_OBJC_LITERAL_CONVERSION = YES;
				CLANG_WARN_OBJC_ROOT_CLASS = YES_ERROR;
				CLANG_WARN_QUOTED_INCLUDE_IN_FRAMEWORK_HEADER = YES;
				CLANG_WARN_RANGE_LOOP_ANALYSIS = YES;
				CLANG_WARN_STRICT_PROTOTYPES = YES;
				CLANG_WARN_SUSPICIOUS_MOVE = YES;
				CLANG_WARN_UNGUARDED_AVAILABILITY = YES_AGGRESSIVE;
				CLANG_WARN_UNREACHABLE_CODE = YES;
				CLANG_WARN__DUPLICATE_METHOD_MATCH = YES;
				COPY_PHASE_STRIP = NO;
				DEBUG_INFORMATION_FORMAT = "dwarf-with-dsym";
				DEVELOPMENT_TEAM = 8VX6YR6HFK;
				ENABLE_NS_ASSERTIONS = NO;
				ENABLE_STRICT_OBJC_MSGSEND = YES;
				ENABLE_USER_SCRIPT_SANDBOXING = YES;
				GCC_C_LANGUAGE_STANDARD = gnu17;
				GCC_NO_COMMON_BLOCKS = YES;
				GCC_WARN_64_TO_32_BIT_CONVERSION = YES;
				GCC_WARN_ABOUT_RETURN_TYPE = YES_ERROR;
				GCC_WARN_UNDECLARED_SELECTOR = YES;
				GCC_WARN_UNINITIALIZED_AUTOS = YES_AGGRESSIVE;
				GCC_WARN_UNUSED_FUNCTION = YES;
				GCC_WARN_UNUSED_VARIABLE = YES;
				IPHONEOS_DEPLOYMENT_TARGET = 18.5;
				LOCALIZATION_PREFERS_STRING_CATALOGS = YES;
				MTL_ENABLE_DEBUG_INFO = NO;
				MTL_FAST_MATH = YES;
				SDKROOT = iphoneos;
				SWIFT_COMPILATION_MODE = wholemodule;
				VALIDATE_PRODUCT = YES;
			};
			name = Release;
		};
		4642D25B2DFD674400E70D15 /* Debug */ = {
			isa = XCBuildConfiguration;
			buildSettings = {
				ASSETCATALOG_COMPILER_APPICON_NAME = AppIcon;
				ASSETCATALOG_COMPILER_GLOBAL_ACCENT_COLOR_NAME = AccentColor;
				CODE_SIGN_STYLE = Automatic;
				CURRENT_PROJECT_VERSION = 1;
				DEVELOPMENT_TEAM = 8VX6YR6HFK;
				ENABLE_PREVIEWS = YES;
				GENERATE_INFOPLIST_FILE = YES;
				INFOPLIST_KEY_UIApplicationSceneManifest_Generation = YES;
				INFOPLIST_KEY_UIApplicationSupportsIndirectInputEvents = YES;
				INFOPLIST_KEY_UILaunchScreen_Generation = YES;
				INFOPLIST_KEY_UISupportedInterfaceOrientations_iPad = "UIInterfaceOrientationPortrait UIInterfaceOrientationPortraitUpsideDown UIInterfaceOrientationLandscapeLeft UIInterfaceOrientationLandscapeRight";
				INFOPLIST_KEY_UISupportedInterfaceOrientations_iPhone = "UIInterfaceOrientationPortrait UIInterfaceOrientationLandscapeLeft UIInterfaceOrientationLandscapeRight";
				LD_RUNPATH_SEARCH_PATHS = (
					"$(inherited)",
					"@executable_path/Frameworks",
				);
				MARKETING_VERSION = 1.0;
				PRODUCT_BUNDLE_IDENTIFIER = "Corvo-Labs.Hot-Sauce";
				PRODUCT_NAME = "$(TARGET_NAME)";
				SWIFT_EMIT_LOC_STRINGS = YES;
				SWIFT_VERSION = 5.0;
				TARGETED_DEVICE_FAMILY = "1,2";
			};
			name = Debug;
		};
		4642D25C2DFD674400E70D15 /* Release */ = {
			isa = XCBuildConfiguration;
			buildSettings = {
				ASSETCATALOG_COMPILER_APPICON_NAME = AppIcon;
				ASSETCATALOG_COMPILER_GLOBAL_ACCENT_COLOR_NAME = AccentColor;
				CODE_SIGN_STYLE = Automatic;
				CURRENT_PROJECT_VERSION = 1;
				DEVELOPMENT_TEAM = 8VX6YR6HFK;
				ENABLE_PREVIEWS = YES;
				GENERATE_INFOPLIST_FILE = YES;
				INFOPLIST_KEY_UIApplicationSceneManifest_Generation = YES;
				INFOPLIST_KEY_UIApplicationSupportsIndirectInputEvents = YES;
				INFOPLIST_KEY_UILaunchScreen_Generation = YES;
				INFOPLIST_KEY_UISupportedInterfaceOrientations_iPad = "UIInterfaceOrientationPortrait UIInterfaceOrientationPortraitUpsideDown UIInterfaceOrientationLandscapeLeft UIInterfaceOrientationLandscapeRight";
				INFOPLIST_KEY_UISupportedInterfaceOrientations_iPhone = "UIInterfaceOrientationPortrait UIInterfaceOrientationLandscapeLeft UIInterfaceOrientationLandscapeRight";
				LD_RUNPATH_SEARCH_PATHS = (
					"$(inherited)",
					"@executable_path/Frameworks",
				);
				MARKETING_VERSION = 1.0;
				PRODUCT_BUNDLE_IDENTIFIER = "Corvo-Labs.Hot-Sauce";
				PRODUCT_NAME = "$(TARGET_NAME)";
				SWIFT_EMIT_LOC_STRINGS = YES;
				SWIFT_VERSION = 5.0;
				TARGETED_DEVICE_FAMILY = "1,2";
			};
			name = Release;
		};
		4642D25E2DFD674400E70D15 /* Debug */ = {
			isa = XCBuildConfiguration;
			buildSettings = {
				BUNDLE_LOADER = "$(TEST_HOST)";
				CODE_SIGN_STYLE = Automatic;
				CURRENT_PROJECT_VERSION = 1;
				DEVELOPMENT_TEAM = 8VX6YR6HFK;
				GENERATE_INFOPLIST_FILE = YES;
				IPHONEOS_DEPLOYMENT_TARGET = 18.5;
				MARKETING_VERSION = 1.0;
				PRODUCT_BUNDLE_IDENTIFIER = "Corvo-Labs.Hot-SauceTests";
				PRODUCT_NAME = "$(TARGET_NAME)";
				SWIFT_EMIT_LOC_STRINGS = NO;
				SWIFT_VERSION = 5.0;
				TARGETED_DEVICE_FAMILY = "1,2";
				TEST_HOST = "$(BUILT_PRODUCTS_DIR)/Hot Sauce.app/$(BUNDLE_EXECUTABLE_FOLDER_PATH)/Hot Sauce";
			};
			name = Debug;
		};
		4642D25F2DFD674400E70D15 /* Release */ = {
			isa = XCBuildConfiguration;
			buildSettings = {
				BUNDLE_LOADER = "$(TEST_HOST)";
				CODE_SIGN_STYLE = Automatic;
				CURRENT_PROJECT_VERSION = 1;
				DEVELOPMENT_TEAM = 8VX6YR6HFK;
				GENERATE_INFOPLIST_FILE = YES;
				IPHONEOS_DEPLOYMENT_TARGET = 18.5;
				MARKETING_VERSION = 1.0;
				PRODUCT_BUNDLE_IDENTIFIER = "Corvo-Labs.Hot-SauceTests";
				PRODUCT_NAME = "$(TARGET_NAME)";
				SWIFT_EMIT_LOC_STRINGS = NO;
				SWIFT_VERSION = 5.0;
				TARGETED_DEVICE_FAMILY = "1,2";
				TEST_HOST = "$(BUILT_PRODUCTS_DIR)/Hot Sauce.app/$(BUNDLE_EXECUTABLE_FOLDER_PATH)/Hot Sauce";
			};
			name = Release;
		};
		4642D2612DFD674400E70D15 /* Debug */ = {
			isa = XCBuildConfiguration;
			buildSettings = {
				CODE_SIGN_STYLE = Automatic;
				CURRENT_PROJECT_VERSION = 1;
				DEVELOPMENT_TEAM = 8VX6YR6HFK;
				GENERATE_INFOPLIST_FILE = YES;
				MARKETING_VERSION = 1.0;
				PRODUCT_BUNDLE_IDENTIFIER = "Corvo-Labs.Hot-SauceUITests";
				PRODUCT_NAME = "$(TARGET_NAME)";
				SWIFT_EMIT_LOC_STRINGS = NO;
				SWIFT_VERSION = 5.0;
				TARGETED_DEVICE_FAMILY = "1,2";
				TEST_TARGET_NAME = "Hot Sauce";
			};
			name = Debug;
		};
		4642D2622DFD674400E70D15 /* Release */ = {
			isa = XCBuildConfiguration;
			buildSettings = {
				CODE_SIGN_STYLE = Automatic;
				CURRENT_PROJECT_VERSION = 1;
				DEVELOPMENT_TEAM = 8VX6YR6HFK;
				GENERATE_INFOPLIST_FILE = YES;
				MARKETING_VERSION = 1.0;
				PRODUCT_BUNDLE_IDENTIFIER = "Corvo-Labs.Hot-SauceUITests";
				PRODUCT_NAME = "$(TARGET_NAME)";
				SWIFT_EMIT_LOC_STRINGS = NO;
				SWIFT_VERSION = 5.0;
				TARGETED_DEVICE_FAMILY = "1,2";
				TEST_TARGET_NAME = "Hot Sauce";
			};
			name = Release;
		};
/* End XCBuildConfiguration section */

/* Begin XCConfigurationList section */
		4642D2342DFD674200E70D15 /* Build configuration list for PBXProject "Hot Sauce" */ = {
			isa = XCConfigurationList;
			buildConfigurations = (
				4642D2582DFD674400E70D15 /* Debug */,
				4642D2592DFD674400E70D15 /* Release */,
			);
			defaultConfigurationIsVisible = 0;
			defaultConfigurationName = Release;
		};
		4642D25A2DFD674400E70D15 /* Build configuration list for PBXNativeTarget "Hot Sauce" */ = {
			isa = XCConfigurationList;
			buildConfigurations = (
				4642D25B2DFD674400E70D15 /* Debug */,
				4642D25C2DFD674400E70D15 /* Release */,
			);
			defaultConfigurationIsVisible = 0;
			defaultConfigurationName = Release;
		};
		4642D25D2DFD674400E70D15 /* Build configuration list for PBXNativeTarget "Hot SauceTests" */ = {
			isa = XCConfigurationList;
			buildConfigurations = (
				4642D25E2DFD674400E70D15 /* Debug */,
				4642D25F2DFD674400E70D15 /* Release */,
			);
			defaultConfigurationIsVisible = 0;
			defaultConfigurationName = Release;
		};
		4642D2602DFD674400E70D15 /* Build configuration list for PBXNativeTarget "Hot SauceUITests" */ = {
			isa = XCConfigurationList;
			buildConfigurations = (
				4642D2612DFD674400E70D15 /* Debug */,
				4642D2622DFD674400E70D15 /* Release */,
			);
			defaultConfigurationIsVisible = 0;
			defaultConfigurationName = Release;
		};
/* End XCConfigurationList section */
	};
	rootObject = 4642D2312DFD674200E70D15 /* Project object */;
}
